// !$*UTF8*$!
{
	archiveVersion = 1;
	classes = {
	};
	objectVersion = 56;
	objects = {

/* Begin PBXBuildFile section */
		703FE8992C1AA0C40094C96A /* AppDelegate.swift in Sources */ = {isa = PBXBuildFile; fileRef = 703FE8982C1AA0C40094C96A /* AppDelegate.swift */; };
		703FE89B2C1AA0C40094C96A /* SceneDelegate.swift in Sources */ = {isa = PBXBuildFile; fileRef = 703FE89A2C1AA0C40094C96A /* SceneDelegate.swift */; };
		703FE89D2C1AA0C40094C96A /* RMTabBarController.swift in Sources */ = {isa = PBXBuildFile; fileRef = 703FE89C2C1AA0C40094C96A /* RMTabBarController.swift */; };
		703FE8A22C1AA0C60094C96A /* Assets.xcassets in Resources */ = {isa = PBXBuildFile; fileRef = 703FE8A12C1AA0C60094C96A /* Assets.xcassets */; };
		703FE8A52C1AA0C60094C96A /* Base in Resources */ = {isa = PBXBuildFile; fileRef = 703FE8A42C1AA0C60094C96A /* Base */; };
		703FE8B42C1AA30D0094C96A /* RMLocation.swift in Sources */ = {isa = PBXBuildFile; fileRef = 703FE8B32C1AA30D0094C96A /* RMLocation.swift */; };
		703FE8B62C1AA3180094C96A /* RMCharacter.swift in Sources */ = {isa = PBXBuildFile; fileRef = 703FE8B52C1AA3180094C96A /* RMCharacter.swift */; };
		703FE8B82C1AA31F0094C96A /* RMEpisode.swift in Sources */ = {isa = PBXBuildFile; fileRef = 703FE8B72C1AA31F0094C96A /* RMEpisode.swift */; };
		703FE8BB2C1AA3AF0094C96A /* RMCharacterViewController.swift in Sources */ = {isa = PBXBuildFile; fileRef = 703FE8BA2C1AA3AF0094C96A /* RMCharacterViewController.swift */; };
		703FE8BD2C1AA3C20094C96A /* RMLocationViewController.swift in Sources */ = {isa = PBXBuildFile; fileRef = 703FE8BC2C1AA3C20094C96A /* RMLocationViewController.swift */; };
		703FE8BF2C1AA3D00094C96A /* RMEpisodeViewController.swift in Sources */ = {isa = PBXBuildFile; fileRef = 703FE8BE2C1AA3D00094C96A /* RMEpisodeViewController.swift */; };
		703FE8C22C1AA40F0094C96A /* RMSettingsViewController.swift in Sources */ = {isa = PBXBuildFile; fileRef = 703FE8C12C1AA40F0094C96A /* RMSettingsViewController.swift */; };
/* End PBXBuildFile section */

/* Begin PBXFileReference section */
		703FE8952C1AA0C40094C96A /* RickAndMorty.app */ = {isa = PBXFileReference; explicitFileType = wrapper.application; includeInIndex = 0; path = RickAndMorty.app; sourceTree = BUILT_PRODUCTS_DIR; };
		703FE8982C1AA0C40094C96A /* AppDelegate.swift */ = {isa = PBXFileReference; lastKnownFileType = sourcecode.swift; path = AppDelegate.swift; sourceTree = "<group>"; };
		703FE89A2C1AA0C40094C96A /* SceneDelegate.swift */ = {isa = PBXFileReference; lastKnownFileType = sourcecode.swift; path = SceneDelegate.swift; sourceTree = "<group>"; };
		703FE89C2C1AA0C40094C96A /* RMTabBarController.swift */ = {isa = PBXFileReference; lastKnownFileType = sourcecode.swift; path = RMTabBarController.swift; sourceTree = "<group>"; };
		703FE8A12C1AA0C60094C96A /* Assets.xcassets */ = {isa = PBXFileReference; lastKnownFileType = folder.assetcatalog; path = Assets.xcassets; sourceTree = "<group>"; };
		703FE8A42C1AA0C60094C96A /* Base */ = {isa = PBXFileReference; lastKnownFileType = file.storyboard; name = Base; path = Base.lproj/LaunchScreen.storyboard; sourceTree = "<group>"; };
		703FE8A62C1AA0C60094C96A /* Info.plist */ = {isa = PBXFileReference; lastKnownFileType = text.plist.xml; path = Info.plist; sourceTree = "<group>"; };
		703FE8B32C1AA30D0094C96A /* RMLocation.swift */ = {isa = PBXFileReference; lastKnownFileType = sourcecode.swift; path = RMLocation.swift; sourceTree = "<group>"; };
		703FE8B52C1AA3180094C96A /* RMCharacter.swift */ = {isa = PBXFileReference; lastKnownFileType = sourcecode.swift; path = RMCharacter.swift; sourceTree = "<group>"; };
		703FE8B72C1AA31F0094C96A /* RMEpisode.swift */ = {isa = PBXFileReference; lastKnownFileType = sourcecode.swift; path = RMEpisode.swift; sourceTree = "<group>"; };
		703FE8BA2C1AA3AF0094C96A /* RMCharacterViewController.swift */ = {isa = PBXFileReference; lastKnownFileType = sourcecode.swift; path = RMCharacterViewController.swift; sourceTree = "<group>"; };
		703FE8BC2C1AA3C20094C96A /* RMLocationViewController.swift */ = {isa = PBXFileReference; lastKnownFileType = sourcecode.swift; path = RMLocationViewController.swift; sourceTree = "<group>"; };
		703FE8BE2C1AA3D00094C96A /* RMEpisodeViewController.swift */ = {isa = PBXFileReference; lastKnownFileType = sourcecode.swift; path = RMEpisodeViewController.swift; sourceTree = "<group>"; };
		703FE8C12C1AA40F0094C96A /* RMSettingsViewController.swift */ = {isa = PBXFileReference; lastKnownFileType = sourcecode.swift; path = RMSettingsViewController.swift; sourceTree = "<group>"; };
/* End PBXFileReference section */

/* Begin PBXFrameworksBuildPhase section */
		703FE8922C1AA0C40094C96A /* Frameworks */ = {
			isa = PBXFrameworksBuildPhase;
			buildActionMask = 2147483647;
			files = (
			);
			runOnlyForDeploymentPostprocessing = 0;
		};
/* End PBXFrameworksBuildPhase section */

/* Begin PBXGroup section */
		703FE88C2C1AA0C40094C96A = {
			isa = PBXGroup;
			children = (
				703FE8972C1AA0C40094C96A /* RickAndMorty */,
				703FE8962C1AA0C40094C96A /* Products */,
			);
			sourceTree = "<group>";
		};
		703FE8962C1AA0C40094C96A /* Products */ = {
			isa = PBXGroup;
			children = (
				703FE8952C1AA0C40094C96A /* RickAndMorty.app */,
			);
			name = Products;
			sourceTree = "<group>";
		};
		703FE8972C1AA0C40094C96A /* RickAndMorty */ = {
			isa = PBXGroup;
			children = (
				703FE8B22C1AA2960094C96A /* Resources */,
				703FE8B12C1AA2900094C96A /* Managers */,
				703FE8B02C1AA2860094C96A /* APIClient */,
				703FE8AF2C1AA2800094C96A /* ViewModels */,
				703FE8AE2C1AA24D0094C96A /* Views */,
				703FE8AD2C1AA23B0094C96A /* Models */,
				703FE8AC2C1AA2280094C96A /* Controllers */,
				703FE8A62C1AA0C60094C96A /* Info.plist */,
			);
			path = RickAndMorty;
			sourceTree = "<group>";
		};
		703FE8AC2C1AA2280094C96A /* Controllers */ = {
			isa = PBXGroup;
			children = (
				703FE8B92C1AA3820094C96A /* Core */,
			);
			path = Controllers;
			sourceTree = "<group>";
		};
		703FE8AD2C1AA23B0094C96A /* Models */ = {
			isa = PBXGroup;
			children = (
				703FE8B52C1AA3180094C96A /* RMCharacter.swift */,
				703FE8B72C1AA31F0094C96A /* RMEpisode.swift */,
				703FE8B32C1AA30D0094C96A /* RMLocation.swift */,
			);
			path = Models;
			sourceTree = "<group>";
		};
		703FE8AE2C1AA24D0094C96A /* Views */ = {
			isa = PBXGroup;
			children = (
			);
			path = Views;
			sourceTree = "<group>";
		};
		703FE8AF2C1AA2800094C96A /* ViewModels */ = {
			isa = PBXGroup;
			children = (
			);
			path = ViewModels;
			sourceTree = "<group>";
		};
		703FE8B02C1AA2860094C96A /* APIClient */ = {
			isa = PBXGroup;
			children = (
			);
			path = APIClient;
			sourceTree = "<group>";
		};
		703FE8B12C1AA2900094C96A /* Managers */ = {
			isa = PBXGroup;
			children = (
			);
			path = Managers;
			sourceTree = "<group>";
		};
		703FE8B22C1AA2960094C96A /* Resources */ = {
			isa = PBXGroup;
			children = (
				703FE8A12C1AA0C60094C96A /* Assets.xcassets */,
				703FE8A32C1AA0C60094C96A /* LaunchScreen.storyboard */,
				703FE8982C1AA0C40094C96A /* AppDelegate.swift */,
				703FE89A2C1AA0C40094C96A /* SceneDelegate.swift */,
			);
			path = Resources;
			sourceTree = "<group>";
		};
		703FE8B92C1AA3820094C96A /* Core */ = {
			isa = PBXGroup;
			children = (
				703FE89C2C1AA0C40094C96A /* RMTabBarController.swift */,
				703FE8BA2C1AA3AF0094C96A /* RMCharacterViewController.swift */,
				703FE8BE2C1AA3D00094C96A /* RMEpisodeViewController.swift */,
				703FE8BC2C1AA3C20094C96A /* RMLocationViewController.swift */,
				703FE8C12C1AA40F0094C96A /* RMSettingsViewController.swift */,
			);
			path = Core;
			sourceTree = "<group>";
		};
/* End PBXGroup section */

/* Begin PBXNativeTarget section */
		703FE8942C1AA0C40094C96A /* RickAndMorty */ = {
			isa = PBXNativeTarget;
			buildConfigurationList = 703FE8A92C1AA0C60094C96A /* Build configuration list for PBXNativeTarget "RickAndMorty" */;
			buildPhases = (
				703FE8912C1AA0C40094C96A /* Sources */,
				703FE8922C1AA0C40094C96A /* Frameworks */,
				703FE8932C1AA0C40094C96A /* Resources */,
			);
			buildRules = (
			);
			dependencies = (
			);
			name = RickAndMorty;
			productName = RickAndMorty;
			productReference = 703FE8952C1AA0C40094C96A /* RickAndMorty.app */;
			productType = "com.apple.product-type.application";
		};
/* End PBXNativeTarget section */

/* Begin PBXProject section */
		703FE88D2C1AA0C40094C96A /* Project object */ = {
			isa = PBXProject;
			attributes = {
				BuildIndependentTargetsInParallel = 1;
				LastSwiftUpdateCheck = 1540;
				LastUpgradeCheck = 1540;
				TargetAttributes = {
					703FE8942C1AA0C40094C96A = {
						CreatedOnToolsVersion = 15.4;
					};
				};
			};
			buildConfigurationList = 703FE8902C1AA0C40094C96A /* Build configuration list for PBXProject "RickAndMorty" */;
			compatibilityVersion = "Xcode 14.0";
			developmentRegion = en;
			hasScannedForEncodings = 0;
			knownRegions = (
				en,
				Base,
			);
			mainGroup = 703FE88C2C1AA0C40094C96A;
			productRefGroup = 703FE8962C1AA0C40094C96A /* Products */;
			projectDirPath = "";
			projectRoot = "";
			targets = (
				703FE8942C1AA0C40094C96A /* RickAndMorty */,
			);
		};
/* End PBXProject section */

/* Begin PBXResourcesBuildPhase section */
		703FE8932C1AA0C40094C96A /* Resources */ = {
			isa = PBXResourcesBuildPhase;
			buildActionMask = 2147483647;
			files = (
				703FE8A22C1AA0C60094C96A /* Assets.xcassets in Resources */,
				703FE8A52C1AA0C60094C96A /* Base in Resources */,
			);
			runOnlyForDeploymentPostprocessing = 0;
		};
/* End PBXResourcesBuildPhase section */

/* Begin PBXSourcesBuildPhase section */
		703FE8912C1AA0C40094C96A /* Sources */ = {
			isa = PBXSourcesBuildPhase;
			buildActionMask = 2147483647;
			files = (
				703FE8BD2C1AA3C20094C96A /* RMLocationViewController.swift in Sources */,
				703FE8B82C1AA31F0094C96A /* RMEpisode.swift in Sources */,
				703FE89D2C1AA0C40094C96A /* RMTabBarController.swift in Sources */,
				703FE8BF2C1AA3D00094C96A /* RMEpisodeViewController.swift in Sources */,
				703FE8992C1AA0C40094C96A /* AppDelegate.swift in Sources */,
				703FE89B2C1AA0C40094C96A /* SceneDelegate.swift in Sources */,
				703FE8C22C1AA40F0094C96A /* RMSettingsViewController.swift in Sources */,
				703FE8B42C1AA30D0094C96A /* RMLocation.swift in Sources */,
				703FE8B62C1AA3180094C96A /* RMCharacter.swift in Sources */,
				703FE8BB2C1AA3AF0094C96A /* RMCharacterViewController.swift in Sources */,
			);
			runOnlyForDeploymentPostprocessing = 0;
		};
/* End PBXSourcesBuildPhase section */

/* Begin PBXVariantGroup section */
		703FE8A32C1AA0C60094C96A /* LaunchScreen.storyboard */ = {
			isa = PBXVariantGroup;
			children = (
				703FE8A42C1AA0C60094C96A /* Base */,
			);
			name = LaunchScreen.storyboard;
			sourceTree = "<group>";
		};
/* End PBXVariantGroup section */

/* Begin XCBuildConfiguration section */
		703FE8A72C1AA0C60094C96A /* Debug */ = {
			isa = XCBuildConfiguration;
			buildSettings = {
				ALWAYS_SEARCH_USER_PATHS = NO;
				ASSETCATALOG_COMPILER_GENERATE_SWIFT_ASSET_SYMBOL_EXTENSIONS = YES;
				CLANG_ANALYZER_NONNULL = YES;
				CLANG_ANALYZER_NUMBER_OBJECT_CONVERSION = YES_AGGRESSIVE;
				CLANG_CXX_LANGUAGE_STANDARD = "gnu++20";
				CLANG_ENABLE_MODULES = YES;
				CLANG_ENABLE_OBJC_ARC = YES;
				CLANG_ENABLE_OBJC_WEAK = YES;
				CLANG_WARN_BLOCK_CAPTURE_AUTORELEASING = YES;
				CLANG_WARN_BOOL_CONVERSION = YES;
				CLANG_WARN_COMMA = YES;
				CLANG_WARN_CONSTANT_CONVERSION = YES;
				CLANG_WARN_DEPRECATED_OBJC_IMPLEMENTATIONS = YES;
				CLANG_WARN_DIRECT_OBJC_ISA_USAGE = YES_ERROR;
				CLANG_WARN_DOCUMENTATION_COMMENTS = YES;
				CLANG_WARN_EMPTY_BODY = YES;
				CLANG_WARN_ENUM_CONVERSION = YES;
				CLANG_WARN_INFINITE_RECURSION = YES;
				CLANG_WARN_INT_CONVERSION = YES;
				CLANG_WARN_NON_LITERAL_NULL_CONVERSION = YES;
				CLANG_WARN_OBJC_IMPLICIT_RETAIN_SELF = YES;
				CLANG_WARN_OBJC_LITERAL_CONVERSION = YES;
				CLANG_WARN_OBJC_ROOT_CLASS = YES_ERROR;
				CLANG_WARN_QUOTED_INCLUDE_IN_FRAMEWORK_HEADER = YES;
				CLANG_WARN_RANGE_LOOP_ANALYSIS = YES;
				CLANG_WARN_STRICT_PROTOTYPES = YES;
				CLANG_WARN_SUSPICIOUS_MOVE = YES;
				CLANG_WARN_UNGUARDED_AVAILABILITY = YES_AGGRESSIVE;
				CLANG_WARN_UNREACHABLE_CODE = YES;
				CLANG_WARN__DUPLICATE_METHOD_MATCH = YES;
				COPY_PHASE_STRIP = NO;
				DEBUG_INFORMATION_FORMAT = dwarf;
				ENABLE_STRICT_OBJC_MSGSEND = YES;
				ENABLE_TESTABILITY = YES;
				ENABLE_USER_SCRIPT_SANDBOXING = YES;
				GCC_C_LANGUAGE_STANDARD = gnu17;
				GCC_DYNAMIC_NO_PIC = NO;
				GCC_NO_COMMON_BLOCKS = YES;
				GCC_OPTIMIZATION_LEVEL = 0;
				GCC_PREPROCESSOR_DEFINITIONS = (
					"DEBUG=1",
					"$(inherited)",
				);
				GCC_WARN_64_TO_32_BIT_CONVERSION = YES;
				GCC_WARN_ABOUT_RETURN_TYPE = YES_ERROR;
				GCC_WARN_UNDECLARED_SELECTOR = YES;
				GCC_WARN_UNINITIALIZED_AUTOS = YES_AGGRESSIVE;
				GCC_WARN_UNUSED_FUNCTION = YES;
				GCC_WARN_UNUSED_VARIABLE = YES;
				IPHONEOS_DEPLOYMENT_TARGET = 17.5;
				LOCALIZATION_PREFERS_STRING_CATALOGS = YES;
				MTL_ENABLE_DEBUG_INFO = INCLUDE_SOURCE;
				MTL_FAST_MATH = YES;
				ONLY_ACTIVE_ARCH = YES;
				SDKROOT = iphoneos;
				SWIFT_ACTIVE_COMPILATION_CONDITIONS = "DEBUG $(inherited)";
				SWIFT_OPTIMIZATION_LEVEL = "-Onone";
			};
			name = Debug;
		};
		703FE8A82C1AA0C60094C96A /* Release */ = {
			isa = XCBuildConfiguration;
			buildSettings = {
				ALWAYS_SEARCH_USER_PATHS = NO;
				ASSETCATALOG_COMPILER_GENERATE_SWIFT_ASSET_SYMBOL_EXTENSIONS = YES;
				CLANG_ANALYZER_NONNULL = YES;
				CLANG_ANALYZER_NUMBER_OBJECT_CONVERSION = YES_AGGRESSIVE;
				CLANG_CXX_LANGUAGE_STANDARD = "gnu++20";
				CLANG_ENABLE_MODULES = YES;
				CLANG_ENABLE_OBJC_ARC = YES;
				CLANG_ENABLE_OBJC_WEAK = YES;
				CLANG_WARN_BLOCK_CAPTURE_AUTORELEASING = YES;
				CLANG_WARN_BOOL_CONVERSION = YES;
				CLANG_WARN_COMMA = YES;
				CLANG_WARN_CONSTANT_CONVERSION = YES;
				CLANG_WARN_DEPRECATED_OBJC_IMPLEMENTATIONS = YES;
				CLANG_WARN_DIRECT_OBJC_ISA_USAGE = YES_ERROR;
				CLANG_WARN_DOCUMENTATION_COMMENTS = YES;
				CLANG_WARN_EMPTY_BODY = YES;
				CLANG_WARN_ENUM_CONVERSION = YES;
				CLANG_WARN_INFINITE_RECURSION = YES;
				CLANG_WARN_INT_CONVERSION = YES;
				CLANG_WARN_NON_LITERAL_NULL_CONVERSION = YES;
				CLANG_WARN_OBJC_IMPLICIT_RETAIN_SELF = YES;
				CLANG_WARN_OBJC_LITERAL_CONVERSION = YES;
				CLANG_WARN_OBJC_ROOT_CLASS = YES_ERROR;
				CLANG_WARN_QUOTED_INCLUDE_IN_FRAMEWORK_HEADER = YES;
				CLANG_WARN_RANGE_LOOP_ANALYSIS = YES;
				CLANG_WARN_STRICT_PROTOTYPES = YES;
				CLANG_WARN_SUSPICIOUS_MOVE = YES;
				CLANG_WARN_UNGUARDED_AVAILABILITY = YES_AGGRESSIVE;
				CLANG_WARN_UNREACHABLE_CODE = YES;
				CLANG_WARN__DUPLICATE_METHOD_MATCH = YES;
				COPY_PHASE_STRIP = NO;
				DEBUG_INFORMATION_FORMAT = "dwarf-with-dsym";
				ENABLE_NS_ASSERTIONS = NO;
				ENABLE_STRICT_OBJC_MSGSEND = YES;
				ENABLE_USER_SCRIPT_SANDBOXING = YES;
				GCC_C_LANGUAGE_STANDARD = gnu17;
				GCC_NO_COMMON_BLOCKS = YES;
				GCC_WARN_64_TO_32_BIT_CONVERSION = YES;
				GCC_WARN_ABOUT_RETURN_TYPE = YES_ERROR;
				GCC_WARN_UNDECLARED_SELECTOR = YES;
				GCC_WARN_UNINITIALIZED_AUTOS = YES_AGGRESSIVE;
				GCC_WARN_UNUSED_FUNCTION = YES;
				GCC_WARN_UNUSED_VARIABLE = YES;
				IPHONEOS_DEPLOYMENT_TARGET = 17.5;
				LOCALIZATION_PREFERS_STRING_CATALOGS = YES;
				MTL_ENABLE_DEBUG_INFO = NO;
				MTL_FAST_MATH = YES;
				SDKROOT = iphoneos;
				SWIFT_COMPILATION_MODE = wholemodule;
				VALIDATE_PRODUCT = YES;
			};
			name = Release;
		};
		703FE8AA2C1AA0C60094C96A /* Debug */ = {
			isa = XCBuildConfiguration;
			buildSettings = {
				ASSETCATALOG_COMPILER_APPICON_NAME = AppIcon;
				ASSETCATALOG_COMPILER_GLOBAL_ACCENT_COLOR_NAME = AccentColor;
				CODE_SIGN_STYLE = Automatic;
				CURRENT_PROJECT_VERSION = 1;
				DEVELOPMENT_TEAM = Z6DC482FV6;
				GENERATE_INFOPLIST_FILE = YES;
				INFOPLIST_FILE = RickAndMorty/Info.plist;
				INFOPLIST_KEY_UIApplicationSupportsIndirectInputEvents = YES;
				INFOPLIST_KEY_UILaunchStoryboardName = LaunchScreen;
				INFOPLIST_KEY_UISupportedInterfaceOrientations_iPad = "UIInterfaceOrientationPortrait UIInterfaceOrientationPortraitUpsideDown UIInterfaceOrientationLandscapeLeft UIInterfaceOrientationLandscapeRight";
				INFOPLIST_KEY_UISupportedInterfaceOrientations_iPhone = "UIInterfaceOrientationPortrait UIInterfaceOrientationLandscapeLeft UIInterfaceOrientationLandscapeRight";
				LD_RUNPATH_SEARCH_PATHS = (
					"$(inherited)",
					"@executable_path/Frameworks",
				);
				MARKETING_VERSION = 1.0;
				PRODUCT_BUNDLE_IDENTIFIER = "Gleb-Polyakov.RickAndMorty";
				PRODUCT_NAME = "$(TARGET_NAME)";
				SWIFT_EMIT_LOC_STRINGS = YES;
				SWIFT_VERSION = 5.0;
				TARGETED_DEVICE_FAMILY = "1,2";
			};
			name = Debug;
		};
		703FE8AB2C1AA0C60094C96A /* Release */ = {
			isa = XCBuildConfiguration;
			buildSettings = {
				ASSETCATALOG_COMPILER_APPICON_NAME = AppIcon;
				ASSETCATALOG_COMPILER_GLOBAL_ACCENT_COLOR_NAME = AccentColor;
				CODE_SIGN_STYLE = Automatic;
				CURRENT_PROJECT_VERSION = 1;
				DEVELOPMENT_TEAM = Z6DC482FV6;
				GENERATE_INFOPLIST_FILE = YES;
				INFOPLIST_FILE = RickAndMorty/Info.plist;
				INFOPLIST_KEY_UIApplicationSupportsIndirectInputEvents = YES;
				INFOPLIST_KEY_UILaunchStoryboardName = LaunchScreen;
				INFOPLIST_KEY_UISupportedInterfaceOrientations_iPad = "UIInterfaceOrientationPortrait UIInterfaceOrientationPortraitUpsideDown UIInterfaceOrientationLandscapeLeft UIInterfaceOrientationLandscapeRight";
				INFOPLIST_KEY_UISupportedInterfaceOrientations_iPhone = "UIInterfaceOrientationPortrait UIInterfaceOrientationLandscapeLeft UIInterfaceOrientationLandscapeRight";
				LD_RUNPATH_SEARCH_PATHS = (
					"$(inherited)",
					"@executable_path/Frameworks",
				);
				MARKETING_VERSION = 1.0;
				PRODUCT_BUNDLE_IDENTIFIER = "Gleb-Polyakov.RickAndMorty";
				PRODUCT_NAME = "$(TARGET_NAME)";
				SWIFT_EMIT_LOC_STRINGS = YES;
				SWIFT_VERSION = 5.0;
				TARGETED_DEVICE_FAMILY = "1,2";
			};
			name = Release;
		};
/* End XCBuildConfiguration section */

/* Begin XCConfigurationList section */
		703FE8902C1AA0C40094C96A /* Build configuration list for PBXProject "RickAndMorty" */ = {
			isa = XCConfigurationList;
			buildConfigurations = (
				703FE8A72C1AA0C60094C96A /* Debug */,
				703FE8A82C1AA0C60094C96A /* Release */,
			);
			defaultConfigurationIsVisible = 0;
			defaultConfigurationName = Release;
		};
		703FE8A92C1AA0C60094C96A /* Build configuration list for PBXNativeTarget "RickAndMorty" */ = {
			isa = XCConfigurationList;
			buildConfigurations = (
				703FE8AA2C1AA0C60094C96A /* Debug */,
				703FE8AB2C1AA0C60094C96A /* Release */,
			);
			defaultConfigurationIsVisible = 0;
			defaultConfigurationName = Release;
		};
/* End XCConfigurationList section */
	};
	rootObject = 703FE88D2C1AA0C40094C96A /* Project object */;
}
